
Microsoft Visual Studio Solution File, Format Version 12.00
# Visual Studio Version 17
VisualStudioVersion = 17.10.34928.147
MinimumVisualStudioVersion = 10.0.40219.1
Project("{9A19103F-16F7-4668-BE54-9A1E7A4F7556}") = "laba10OK", "laba10OK\laba10OK.csproj", "{35F3272A-D93F-4986-8C5D-4DECB847696F}"
EndProject
Project("{9A19103F-16F7-4668-BE54-9A1E7A4F7556}") = "ClassLibrary10laba", "ClassLibrary10laba\ClassLibrary10laba.csproj", "{96371D03-56F3-4782-9F95-359E1EDF5A56}"
EndProject
Project("{FAE04EC0-301F-11D3-BF4B-00C04F79EFBC}") = "Program2 laba10", "Program2 laba10\Program2 laba10.csproj", "{3833B426-B085-435F-8BF4-5119AB53978A}"
EndProject
Global
	GlobalSection(SolutionConfigurationPlatforms) = preSolution
		Debug|Any CPU = Debug|Any CPU
		Release|Any CPU = Release|Any CPU
	EndGlobalSection
	GlobalSection(ProjectConfigurationPlatforms) = postSolution
		{35F3272A-D93F-4986-8C5D-4DECB847696F}.Debug|Any CPU.ActiveCfg = Debug|Any CPU
		{35F3272A-D93F-4986-8C5D-4DECB847696F}.Debug|Any CPU.Build.0 = Debug|Any CPU
		{35F3272A-D93F-4986-8C5D-4DECB847696F}.Release|Any CPU.ActiveCfg = Release|Any CPU
		{35F3272A-D93F-4986-8C5D-4DECB847696F}.Release|Any CPU.Build.0 = Release|Any CPU
		{96371D03-56F3-4782-9F95-359E1EDF5A56}.Debug|Any CPU.ActiveCfg = Debug|Any CPU
		{96371D03-56F3-4782-9F95-359E1EDF5A56}.Debug|Any CPU.Build.0 = Debug|Any CPU
		{96371D03-56F3-4782-9F95-359E1EDF5A56}.Release|Any CPU.ActiveCfg = Release|Any CPU
		{96371D03-56F3-4782-9F95-359E1EDF5A56}.Release|Any CPU.Build.0 = Release|Any CPU
		{3833B426-B085-435F-8BF4-5119AB53978A}.Debug|Any CPU.ActiveCfg = Debug|Any CPU
		{3833B426-B085-435F-8BF4-5119AB53978A}.Debug|Any CPU.Build.0 = Debug|Any CPU
		{3833B426-B085-435F-8BF4-5119AB53978A}.Release|Any CPU.ActiveCfg = Release|Any CPU
		{3833B426-B085-435F-8BF4-5119AB53978A}.Release|Any CPU.Build.0 = Release|Any CPU
	EndGlobalSection
	GlobalSection(SolutionProperties) = preSolution
		HideSolutionNode = FALSE
	EndGlobalSection
	GlobalSection(ExtensibilityGlobals) = postSolution
		SolutionGuid = {959C8AAE-7CE3-49CA-9A40-C4C9DA39341F}
	EndGlobalSection
EndGlobal
