
Microsoft Visual Studio Solution File, Format Version 12.00
# Visual Studio Version 17
VisualStudioVersion = 17.10.34928.147
MinimumVisualStudioVersion = 10.0.40219.1
Project("{9A19103F-16F7-4668-BE54-9A1E7A4F7556}") = "2laba", "2laba\2laba.csproj", "{465059EA-922E-49A9-AD46-968625F31D72}"
EndProject
Project("{FAE04EC0-301F-11D3-BF4B-00C04F79EFBC}") = "2laba2z", "2laba2z\2laba2z.csproj", "{1B95F071-B524-49DA-9D71-0AFD3EA75E6A}"
EndProject
Project("{FAE04EC0-301F-11D3-BF4B-00C04F79EFBC}") = "2laba3z", "2laba3z\2laba3z.csproj", "{DF3B6F7A-95E6-411A-86C7-7387039ADC10}"
EndProject
Global
	GlobalSection(SolutionConfigurationPlatforms) = preSolution
		Debug|Any CPU = Debug|Any CPU
		Release|Any CPU = Release|Any CPU
	EndGlobalSection
	GlobalSection(ProjectConfigurationPlatforms) = postSolution
		{465059EA-922E-49A9-AD46-968625F31D72}.Debug|Any CPU.ActiveCfg = Debug|Any CPU
		{465059EA-922E-49A9-AD46-968625F31D72}.Debug|Any CPU.Build.0 = Debug|Any CPU
		{465059EA-922E-49A9-AD46-968625F31D72}.Release|Any CPU.ActiveCfg = Release|Any CPU
		{465059EA-922E-49A9-AD46-968625F31D72}.Release|Any CPU.Build.0 = Release|Any CPU
		{1B95F071-B524-49DA-9D71-0AFD3EA75E6A}.Debug|Any CPU.ActiveCfg = Debug|Any CPU
		{1B95F071-B524-49DA-9D71-0AFD3EA75E6A}.Debug|Any CPU.Build.0 = Debug|Any CPU
		{1B95F071-B524-49DA-9D71-0AFD3EA75E6A}.Release|Any CPU.ActiveCfg = Release|Any CPU
		{1B95F071-B524-49DA-9D71-0AFD3EA75E6A}.Release|Any CPU.Build.0 = Release|Any CPU
		{DF3B6F7A-95E6-411A-86C7-7387039ADC10}.Debug|Any CPU.ActiveCfg = Debug|Any CPU
		{DF3B6F7A-95E6-411A-86C7-7387039ADC10}.Debug|Any CPU.Build.0 = Debug|Any CPU
		{DF3B6F7A-95E6-411A-86C7-7387039ADC10}.Release|Any CPU.ActiveCfg = Release|Any CPU
		{DF3B6F7A-95E6-411A-86C7-7387039ADC10}.Release|Any CPU.Build.0 = Release|Any CPU
	EndGlobalSection
	GlobalSection(SolutionProperties) = preSolution
		HideSolutionNode = FALSE
	EndGlobalSection
	GlobalSection(ExtensibilityGlobals) = postSolution
		SolutionGuid = {DAFC9EFD-E8BB-49C2-A0D3-CBD9FB6321DC}
	EndGlobalSection
EndGlobal
