
Microsoft Visual Studio Solution File, Format Version 12.00
# Visual Studio Version 17
VisualStudioVersion = 17.10.34928.147
MinimumVisualStudioVersion = 10.0.40219.1
Project("{9A19103F-16F7-4668-BE54-9A1E7A4F7556}") = "laba6", "laba6.csproj", "{DD305927-26E3-4384-9D10-7C57BD49D9A5}"
EndProject
Global
	GlobalSection(SolutionConfigurationPlatforms) = preSolution
		Debug|Any CPU = Debug|Any CPU
		Release|Any CPU = Release|Any CPU
	EndGlobalSection
	GlobalSection(ProjectConfigurationPlatforms) = postSolution
		{DD305927-26E3-4384-9D10-7C57BD49D9A5}.Debug|Any CPU.ActiveCfg = Debug|Any CPU
		{DD305927-26E3-4384-9D10-7C57BD49D9A5}.Debug|Any CPU.Build.0 = Debug|Any CPU
		{DD305927-26E3-4384-9D10-7C57BD49D9A5}.Release|Any CPU.ActiveCfg = Release|Any CPU
		{DD305927-26E3-4384-9D10-7C57BD49D9A5}.Release|Any CPU.Build.0 = Release|Any CPU
	EndGlobalSection
	GlobalSection(SolutionProperties) = preSolution
		HideSolutionNode = FALSE
	EndGlobalSection
	GlobalSection(ExtensibilityGlobals) = postSolution
		SolutionGuid = {3149BC3B-D174-4CA9-8596-82D053997B90}
	EndGlobalSection
EndGlobal
